// !$*UTF8*$!
{
	archiveVersion = 1;
	classes = {
	};
	objectVersion = 46;
	objects = {

/* Begin PBXBuildFile section */
		D4768BC31DE5372800078C32 /* main.m in Sources */ = {isa = PBXBuildFile; fileRef = D4768BC21DE5372800078C32 /* main.m */; };
		D4768BC61DE5372800078C32 /* AppDelegate.m in Sources */ = {isa = PBXBuildFile; fileRef = D4768BC51DE5372800078C32 /* AppDelegate.m */; };
		D4768BC91DE5372800078C32 /* ViewController.m in Sources */ = {isa = PBXBuildFile; fileRef = D4768BC81DE5372800078C32 /* ViewController.m */; };
		D4768BCC1DE5372800078C32 /* Main.storyboard in Resources */ = {isa = PBXBuildFile; fileRef = D4768BCA1DE5372800078C32 /* Main.storyboard */; };
		D4768BCE1DE5372800078C32 /* Assets.xcassets in Resources */ = {isa = PBXBuildFile; fileRef = D4768BCD1DE5372800078C32 /* Assets.xcassets */; };
		D4768BD11DE5372800078C32 /* LaunchScreen.storyboard in Resources */ = {isa = PBXBuildFile; fileRef = D4768BCF1DE5372800078C32 /* LaunchScreen.storyboard */; };
		D4768BDA1DE5376000078C32 /* SSlideView.m in Sources */ = {isa = PBXBuildFile; fileRef = D4768BD91DE5376000078C32 /* SSlideView.m */; };
		D4768BDD1DE539D200078C32 /* SSlideViewCollectionCell.m in Sources */ = {isa = PBXBuildFile; fileRef = D4768BDC1DE539D200078C32 /* SSlideViewCollectionCell.m */; };
		D4768BE31DE53C9A00078C32 /* TestViewController.m in Sources */ = {isa = PBXBuildFile; fileRef = D4768BE21DE53C9A00078C32 /* TestViewController.m */; };
		D4768BE61DE5494100078C32 /* SSlideTabBarView.m in Sources */ = {isa = PBXBuildFile; fileRef = D4768BE51DE5494100078C32 /* SSlideTabBarView.m */; };
		D4847AAC1DE6DFCD00577F80 /* UIScrollView+SSlideViewAddition.m in Sources */ = {isa = PBXBuildFile; fileRef = D4847AAB1DE6DFCD00577F80 /* UIScrollView+SSlideViewAddition.m */; };
		D4D80FBA1DE7E92E0070A570 /* TestTabBarView.m in Sources */ = {isa = PBXBuildFile; fileRef = D4D80FB91DE7E92E0070A570 /* TestTabBarView.m */; };
/* End PBXBuildFile section */

/* Begin PBXFileReference section */
		D4768BBE1DE5372800078C32 /* SSlideView.app */ = {isa = PBXFileReference; explicitFileType = wrapper.application; includeInIndex = 0; path = SSlideView.app; sourceTree = BUILT_PRODUCTS_DIR; };
		D4768BC21DE5372800078C32 /* main.m */ = {isa = PBXFileReference; lastKnownFileType = sourcecode.c.objc; path = main.m; sourceTree = "<group>"; };
		D4768BC41DE5372800078C32 /* AppDelegate.h */ = {isa = PBXFileReference; lastKnownFileType = sourcecode.c.h; path = AppDelegate.h; sourceTree = "<group>"; };
		D4768BC51DE5372800078C32 /* AppDelegate.m */ = {isa = PBXFileReference; lastKnownFileType = sourcecode.c.objc; path = AppDelegate.m; sourceTree = "<group>"; };
		D4768BC71DE5372800078C32 /* ViewController.h */ = {isa = PBXFileReference; lastKnownFileType = sourcecode.c.h; path = ViewController.h; sourceTree = "<group>"; };
		D4768BC81DE5372800078C32 /* ViewController.m */ = {isa = PBXFileReference; lastKnownFileType = sourcecode.c.objc; path = ViewController.m; sourceTree = "<group>"; };
		D4768BCB1DE5372800078C32 /* Base */ = {isa = PBXFileReference; lastKnownFileType = file.storyboard; name = Base; path = Base.lproj/Main.storyboard; sourceTree = "<group>"; };
		D4768BCD1DE5372800078C32 /* Assets.xcassets */ = {isa = PBXFileReference; lastKnownFileType = folder.assetcatalog; path = Assets.xcassets; sourceTree = "<group>"; };
		D4768BD01DE5372800078C32 /* Base */ = {isa = PBXFileReference; lastKnownFileType = file.storyboard; name = Base; path = Base.lproj/LaunchScreen.storyboard; sourceTree = "<group>"; };
		D4768BD21DE5372800078C32 /* Info.plist */ = {isa = PBXFileReference; lastKnownFileType = text.plist.xml; path = Info.plist; sourceTree = "<group>"; };
		D4768BD81DE5376000078C32 /* SSlideView.h */ = {isa = PBXFileReference; fileEncoding = 4; lastKnownFileType = sourcecode.c.h; path = SSlideView.h; sourceTree = "<group>"; };
		D4768BD91DE5376000078C32 /* SSlideView.m */ = {isa = PBXFileReference; fileEncoding = 4; lastKnownFileType = sourcecode.c.objc; path = SSlideView.m; sourceTree = "<group>"; };
		D4768BDB1DE539D200078C32 /* SSlideViewCollectionCell.h */ = {isa = PBXFileReference; fileEncoding = 4; lastKnownFileType = sourcecode.c.h; path = SSlideViewCollectionCell.h; sourceTree = "<group>"; };
		D4768BDC1DE539D200078C32 /* SSlideViewCollectionCell.m */ = {isa = PBXFileReference; fileEncoding = 4; lastKnownFileType = sourcecode.c.objc; path = SSlideViewCollectionCell.m; sourceTree = "<group>"; };
		D4768BE11DE53C9A00078C32 /* TestViewController.h */ = {isa = PBXFileReference; fileEncoding = 4; lastKnownFileType = sourcecode.c.h; path = TestViewController.h; sourceTree = "<group>"; };
		D4768BE21DE53C9A00078C32 /* TestViewController.m */ = {isa = PBXFileReference; fileEncoding = 4; lastKnownFileType = sourcecode.c.objc; path = TestViewController.m; sourceTree = "<group>"; };
		D4768BE41DE5494100078C32 /* SSlideTabBarView.h */ = {isa = PBXFileReference; fileEncoding = 4; lastKnownFileType = sourcecode.c.h; path = SSlideTabBarView.h; sourceTree = "<group>"; };
		D4768BE51DE5494100078C32 /* SSlideTabBarView.m */ = {isa = PBXFileReference; fileEncoding = 4; lastKnownFileType = sourcecode.c.objc; path = SSlideTabBarView.m; sourceTree = "<group>"; };
		D4847AAA1DE6DFCD00577F80 /* UIScrollView+SSlideViewAddition.h */ = {isa = PBXFileReference; fileEncoding = 4; lastKnownFileType = sourcecode.c.h; path = "UIScrollView+SSlideViewAddition.h"; sourceTree = "<group>"; };
		D4847AAB1DE6DFCD00577F80 /* UIScrollView+SSlideViewAddition.m */ = {isa = PBXFileReference; fileEncoding = 4; lastKnownFileType = sourcecode.c.objc; path = "UIScrollView+SSlideViewAddition.m"; sourceTree = "<group>"; };
		D4D80FB81DE7E92E0070A570 /* TestTabBarView.h */ = {isa = PBXFileReference; fileEncoding = 4; lastKnownFileType = sourcecode.c.h; path = TestTabBarView.h; sourceTree = "<group>"; };
		D4D80FB91DE7E92E0070A570 /* TestTabBarView.m */ = {isa = PBXFileReference; fileEncoding = 4; lastKnownFileType = sourcecode.c.objc; path = TestTabBarView.m; sourceTree = "<group>"; };
/* End PBXFileReference section */

/* Begin PBXFrameworksBuildPhase section */
		D4768BBB1DE5372800078C32 /* Frameworks */ = {
			isa = PBXFrameworksBuildPhase;
			buildActionMask = 2147483647;
			files = (
			);
			runOnlyForDeploymentPostprocessing = 0;
		};
/* End PBXFrameworksBuildPhase section */

/* Begin PBXGroup section */
		D4768BB51DE5372800078C32 = {
			isa = PBXGroup;
			children = (
				D4768BC01DE5372800078C32 /* SSlideView */,
				D4768BBF1DE5372800078C32 /* Products */,
			);
			sourceTree = "<group>";
		};
		D4768BBF1DE5372800078C32 /* Products */ = {
			isa = PBXGroup;
			children = (
				D4768BBE1DE5372800078C32 /* SSlideView.app */,
			);
			name = Products;
			sourceTree = "<group>";
		};
		D4768BC01DE5372800078C32 /* SSlideView */ = {
			isa = PBXGroup;
			children = (
				D4768BC41DE5372800078C32 /* AppDelegate.h */,
				D4768BC51DE5372800078C32 /* AppDelegate.m */,
				D4768BC71DE5372800078C32 /* ViewController.h */,
				D4768BC81DE5372800078C32 /* ViewController.m */,
				D4768BE11DE53C9A00078C32 /* TestViewController.h */,
				D4768BE21DE53C9A00078C32 /* TestViewController.m */,
				D4D80FB81DE7E92E0070A570 /* TestTabBarView.h */,
				D4D80FB91DE7E92E0070A570 /* TestTabBarView.m */,
				D4768BCA1DE5372800078C32 /* Main.storyboard */,
				D4768BCD1DE5372800078C32 /* Assets.xcassets */,
				D4768BCF1DE5372800078C32 /* LaunchScreen.storyboard */,
				D4768BD21DE5372800078C32 /* Info.plist */,
				D4768BC11DE5372800078C32 /* Supporting Files */,
				D4768BD81DE5376000078C32 /* SSlideView.h */,
				D4768BD91DE5376000078C32 /* SSlideView.m */,
				D4768BDB1DE539D200078C32 /* SSlideViewCollectionCell.h */,
				D4768BDC1DE539D200078C32 /* SSlideViewCollectionCell.m */,
				D4847AAA1DE6DFCD00577F80 /* UIScrollView+SSlideViewAddition.h */,
				D4847AAB1DE6DFCD00577F80 /* UIScrollView+SSlideViewAddition.m */,
				D4768BE41DE5494100078C32 /* SSlideTabBarView.h */,
				D4768BE51DE5494100078C32 /* SSlideTabBarView.m */,
			);
			path = SSlideView;
			sourceTree = "<group>";
		};
		D4768BC11DE5372800078C32 /* Supporting Files */ = {
			isa = PBXGroup;
			children = (
				D4768BC21DE5372800078C32 /* main.m */,
			);
			name = "Supporting Files";
			sourceTree = "<group>";
		};
/* End PBXGroup section */

/* Begin PBXNativeTarget section */
		D4768BBD1DE5372800078C32 /* SSlideView */ = {
			isa = PBXNativeTarget;
			buildConfigurationList = D4768BD51DE5372800078C32 /* Build configuration list for PBXNativeTarget "SSlideView" */;
			buildPhases = (
				D4768BBA1DE5372800078C32 /* Sources */,
				D4768BBB1DE5372800078C32 /* Frameworks */,
				D4768BBC1DE5372800078C32 /* Resources */,
			);
			buildRules = (
			);
			dependencies = (
			);
			name = SSlideView;
			productName = SSlideView;
			productReference = D4768BBE1DE5372800078C32 /* SSlideView.app */;
			productType = "com.apple.product-type.application";
		};
/* End PBXNativeTarget section */

/* Begin PBXProject section */
		D4768BB61DE5372800078C32 /* Project object */ = {
			isa = PBXProject;
			attributes = {
				LastUpgradeCheck = 0810;
				ORGANIZATIONNAME = tongxuan;
				TargetAttributes = {
					D4768BBD1DE5372800078C32 = {
						CreatedOnToolsVersion = 8.1;
						ProvisioningStyle = Automatic;
					};
				};
			};
			buildConfigurationList = D4768BB91DE5372800078C32 /* Build configuration list for PBXProject "SSlideView" */;
			compatibilityVersion = "Xcode 3.2";
			developmentRegion = English;
			hasScannedForEncodings = 0;
			knownRegions = (
				en,
				Base,
			);
			mainGroup = D4768BB51DE5372800078C32;
			productRefGroup = D4768BBF1DE5372800078C32 /* Products */;
			projectDirPath = "";
			projectRoot = "";
			targets = (
				D4768BBD1DE5372800078C32 /* SSlideView */,
			);
		};
/* End PBXProject section */

/* Begin PBXResourcesBuildPhase section */
		D4768BBC1DE5372800078C32 /* Resources */ = {
			isa = PBXResourcesBuildPhase;
			buildActionMask = 2147483647;
			files = (
				D4768BD11DE5372800078C32 /* LaunchScreen.storyboard in Resources */,
				D4768BCE1DE5372800078C32 /* Assets.xcassets in Resources */,
				D4768BCC1DE5372800078C32 /* Main.storyboard in Resources */,
			);
			runOnlyForDeploymentPostprocessing = 0;
		};
/* End PBXResourcesBuildPhase section */

/* Begin PBXSourcesBuildPhase section */
		D4768BBA1DE5372800078C32 /* Sources */ = {
			isa = PBXSourcesBuildPhase;
			buildActionMask = 2147483647;
			files = (
				D4768BE31DE53C9A00078C32 /* TestViewController.m in Sources */,
				D4768BDD1DE539D200078C32 /* SSlideViewCollectionCell.m in Sources */,
				D4768BC91DE5372800078C32 /* ViewController.m in Sources */,
				D4768BC61DE5372800078C32 /* AppDelegate.m in Sources */,
				D4768BE61DE5494100078C32 /* SSlideTabBarView.m in Sources */,
				D4768BDA1DE5376000078C32 /* SSlideView.m in Sources */,
				D4D80FBA1DE7E92E0070A570 /* TestTabBarView.m in Sources */,
				D4847AAC1DE6DFCD00577F80 /* UIScrollView+SSlideViewAddition.m in Sources */,
				D4768BC31DE5372800078C32 /* main.m in Sources */,
			);
			runOnlyForDeploymentPostprocessing = 0;
		};
/* End PBXSourcesBuildPhase section */

/* Begin PBXVariantGroup section */
		D4768BCA1DE5372800078C32 /* Main.storyboard */ = {
			isa = PBXVariantGroup;
			children = (
				D4768BCB1DE5372800078C32 /* Base */,
			);
			name = Main.storyboard;
			sourceTree = "<group>";
		};
		D4768BCF1DE5372800078C32 /* LaunchScreen.storyboard */ = {
			isa = PBXVariantGroup;
			children = (
				D4768BD01DE5372800078C32 /* Base */,
			);
			name = LaunchScreen.storyboard;
			sourceTree = "<group>";
		};
/* End PBXVariantGroup section */

/* Begin XCBuildConfiguration section */
		D4768BD31DE5372800078C32 /* Debug */ = {
			isa = XCBuildConfiguration;
			buildSettings = {
				ALWAYS_SEARCH_USER_PATHS = NO;
				CLANG_ANALYZER_NONNULL = YES;
				CLANG_CXX_LANGUAGE_STANDARD = "gnu++0x";
				CLANG_CXX_LIBRARY = "libc++";
				CLANG_ENABLE_MODULES = YES;
				CLANG_ENABLE_OBJC_ARC = YES;
				CLANG_WARN_BOOL_CONVERSION = YES;
				CLANG_WARN_CONSTANT_CONVERSION = YES;
				CLANG_WARN_DIRECT_OBJC_ISA_USAGE = YES_ERROR;
				CLANG_WARN_DOCUMENTATION_COMMENTS = YES;
				CLANG_WARN_EMPTY_BODY = YES;
				CLANG_WARN_ENUM_CONVERSION = YES;
				CLANG_WARN_INFINITE_RECURSION = YES;
				CLANG_WARN_INT_CONVERSION = YES;
				CLANG_WARN_OBJC_ROOT_CLASS = YES_ERROR;
				CLANG_WARN_SUSPICIOUS_MOVES = YES;
				CLANG_WARN_UNREACHABLE_CODE = YES;
				CLANG_WARN__DUPLICATE_METHOD_MATCH = YES;
				"CODE_SIGN_IDENTITY[sdk=iphoneos*]" = "iPhone Developer";
				COPY_PHASE_STRIP = NO;
				DEBUG_INFORMATION_FORMAT = dwarf;
				ENABLE_STRICT_OBJC_MSGSEND = YES;
				ENABLE_TESTABILITY = YES;
				GCC_C_LANGUAGE_STANDARD = gnu99;
				GCC_DYNAMIC_NO_PIC = NO;
				GCC_NO_COMMON_BLOCKS = YES;
				GCC_OPTIMIZATION_LEVEL = 0;
				GCC_PREPROCESSOR_DEFINITIONS = (
					"DEBUG=1",
					"$(inherited)",
				);
				GCC_WARN_64_TO_32_BIT_CONVERSION = YES;
				GCC_WARN_ABOUT_RETURN_TYPE = YES_ERROR;
				GCC_WARN_UNDECLARED_SELECTOR = YES;
				GCC_WARN_UNINITIALIZED_AUTOS = YES_AGGRESSIVE;
				GCC_WARN_UNUSED_FUNCTION = YES;
				GCC_WARN_UNUSED_VARIABLE = YES;
				IPHONEOS_DEPLOYMENT_TARGET = 10.1;
				MTL_ENABLE_DEBUG_INFO = YES;
				ONLY_ACTIVE_ARCH = YES;
				SDKROOT = iphoneos;
			};
			name = Debug;
		};
		D4768BD41DE5372800078C32 /* Release */ = {
			isa = XCBuildConfiguration;
			buildSettings = {
				ALWAYS_SEARCH_USER_PATHS = NO;
				CLANG_ANALYZER_NONNULL = YES;
				CLANG_CXX_LANGUAGE_STANDARD = "gnu++0x";
				CLANG_CXX_LIBRARY = "libc++";
				CLANG_ENABLE_MODULES = YES;
				CLANG_ENABLE_OBJC_ARC = YES;
				CLANG_WARN_BOOL_CONVERSION = YES;
				CLANG_WARN_CONSTANT_CONVERSION = YES;
				CLANG_WARN_DIRECT_OBJC_ISA_USAGE = YES_ERROR;
				CLANG_WARN_DOCUMENTATION_COMMENTS = YES;
				CLANG_WARN_EMPTY_BODY = YES;
				CLANG_WARN_ENUM_CONVERSION = YES;
				CLANG_WARN_INFINITE_RECURSION = YES;
				CLANG_WARN_INT_CONVERSION = YES;
				CLANG_WARN_OBJC_ROOT_CLASS = YES_ERROR;
				CLANG_WARN_SUSPICIOUS_MOVES = YES;
				CLANG_WARN_UNREACHABLE_CODE = YES;
				CLANG_WARN__DUPLICATE_METHOD_MATCH = YES;
				"CODE_SIGN_IDENTITY[sdk=iphoneos*]" = "iPhone Developer";
				COPY_PHASE_STRIP = NO;
				DEBUG_INFORMATION_FORMAT = "dwarf-with-dsym";
				ENABLE_NS_ASSERTIONS = NO;
				ENABLE_STRICT_OBJC_MSGSEND = YES;
				GCC_C_LANGUAGE_STANDARD = gnu99;
				GCC_NO_COMMON_BLOCKS = YES;
				GCC_WARN_64_TO_32_BIT_CONVERSION = YES;
				GCC_WARN_ABOUT_RETURN_TYPE = YES_ERROR;
				GCC_WARN_UNDECLARED_SELECTOR = YES;
				GCC_WARN_UNINITIALIZED_AUTOS = YES_AGGRESSIVE;
				GCC_WARN_UNUSED_FUNCTION = YES;
				GCC_WARN_UNUSED_VARIABLE = YES;
				IPHONEOS_DEPLOYMENT_TARGET = 10.1;
				MTL_ENABLE_DEBUG_INFO = NO;
				SDKROOT = iphoneos;
				VALIDATE_PRODUCT = YES;
			};
			name = Release;
		};
		D4768BD61DE5372800078C32 /* Debug */ = {
			isa = XCBuildConfiguration;
			buildSettings = {
				ASSETCATALOG_COMPILER_APPICON_NAME = AppIcon;
				INFOPLIST_FILE = SSlideView/Info.plist;
				LD_RUNPATH_SEARCH_PATHS = "$(inherited) @executable_path/Frameworks";
				PRODUCT_BUNDLE_IDENTIFIER = tongxuan.SSlideView;
				PRODUCT_NAME = "$(TARGET_NAME)";
			};
			name = Debug;
		};
		D4768BD71DE5372800078C32 /* Release */ = {
			isa = XCBuildConfiguration;
			buildSettings = {
				ASSETCATALOG_COMPILER_APPICON_NAME = AppIcon;
				INFOPLIST_FILE = SSlideView/Info.plist;
				LD_RUNPATH_SEARCH_PATHS = "$(inherited) @executable_path/Frameworks";
				PRODUCT_BUNDLE_IDENTIFIER = tongxuan.SSlideView;
				PRODUCT_NAME = "$(TARGET_NAME)";
			};
			name = Release;
		};
/* End XCBuildConfiguration section */

/* Begin XCConfigurationList section */
		D4768BB91DE5372800078C32 /* Build configuration list for PBXProject "SSlideView" */ = {
			isa = XCConfigurationList;
			buildConfigurations = (
				D4768BD31DE5372800078C32 /* Debug */,
				D4768BD41DE5372800078C32 /* Release */,
			);
			defaultConfigurationIsVisible = 0;
			defaultConfigurationName = Release;
		};
		D4768BD51DE5372800078C32 /* Build configuration list for PBXNativeTarget "SSlideView" */ = {
			isa = XCConfigurationList;
			buildConfigurations = (
				D4768BD61DE5372800078C32 /* Debug */,
				D4768BD71DE5372800078C32 /* Release */,
			);
			defaultConfigurationIsVisible = 0;
			defaultConfigurationName = Release;
		};
/* End XCConfigurationList section */
	};
	rootObject = D4768BB61DE5372800078C32 /* Project object */;
}
